
Microsoft Visual Studio Solution File, Format Version 12.00
# Visual Studio Version 17
VisualStudioVersion = 17.14.36221.1
MinimumVisualStudioVersion = 10.0.40219.1
Project("{FAE04EC0-301F-11D3-BF4B-00C04F79EFBC}") = "MathLibrary", "MathLibrary\MathLibrary.csproj", "{5D7BB9A9-732E-4CF0-8558-755F12BEB114}"
EndProject
Project("{FAE04EC0-301F-11D3-BF4B-00C04F79EFBC}") = "MathLibrary.Client", "ConsoleApp1\MathLibrary.Client.csproj", "{FFEB3474-5BFA-4F1D-831B-561647608AC7}"
EndProject
Project("{2150E333-8FDC-42A3-9474-1A3956D46DE8}") = "MathLibraryProject", "MathLibraryProject", "{36D591C7-65C7-A0D1-1CBC-10CDE441BDC8}"
EndProject
Global
	GlobalSection(SolutionConfigurationPlatforms) = preSolution
		Debug|Any CPU = Debug|Any CPU
		Release|Any CPU = Release|Any CPU
	EndGlobalSection
	GlobalSection(ProjectConfigurationPlatforms) = postSolution
		{5D7BB9A9-732E-4CF0-8558-755F12BEB114}.Debug|Any CPU.ActiveCfg = Debug|Any CPU
		{5D7BB9A9-732E-4CF0-8558-755F12BEB114}.Debug|Any CPU.Build.0 = Debug|Any CPU
		{5D7BB9A9-732E-4CF0-8558-755F12BEB114}.Release|Any CPU.ActiveCfg = Release|Any CPU
		{5D7BB9A9-732E-4CF0-8558-755F12BEB114}.Release|Any CPU.Build.0 = Release|Any CPU
		{FFEB3474-5BFA-4F1D-831B-561647608AC7}.Debug|Any CPU.ActiveCfg = Debug|Any CPU
		{FFEB3474-5BFA-4F1D-831B-561647608AC7}.Debug|Any CPU.Build.0 = Debug|Any CPU
		{FFEB3474-5BFA-4F1D-831B-561647608AC7}.Release|Any CPU.ActiveCfg = Release|Any CPU
		{FFEB3474-5BFA-4F1D-831B-561647608AC7}.Release|Any CPU.Build.0 = Release|Any CPU
	EndGlobalSection
	GlobalSection(SolutionProperties) = preSolution
		HideSolutionNode = FALSE
	EndGlobalSection
	GlobalSection(NestedProjects) = preSolution
		{5D7BB9A9-732E-4CF0-8558-755F12BEB114} = {36D591C7-65C7-A0D1-1CBC-10CDE441BDC8}
		{FFEB3474-5BFA-4F1D-831B-561647608AC7} = {36D591C7-65C7-A0D1-1CBC-10CDE441BDC8}
	EndGlobalSection
	GlobalSection(ExtensibilityGlobals) = postSolution
		SolutionGuid = {E53313C2-40ED-43BC-8F13-2D1CA6566F0F}
	EndGlobalSection
EndGlobal
